
Microsoft Visual Studio Solution File, Format Version 12.00
# Visual Studio Version 16
VisualStudioVersion = 16.0.31229.75
MinimumVisualStudioVersion = 10.0.40219.1
Project("{FAE04EC0-301F-11D3-BF4B-00C04F79EFBC}") = "Quad_and_Cube_Uri_1143", "Quad_and_Cube_Uri_1143\Quad_and_Cube_Uri_1143.csproj", "{9B4F5728-8D63-41B2-A142-7B53584A56A3}"
EndProject
Global
	GlobalSection(SolutionConfigurationPlatforms) = preSolution
		Debug|Any CPU = Debug|Any CPU
		Release|Any CPU = Release|Any CPU
	EndGlobalSection
	GlobalSection(ProjectConfigurationPlatforms) = postSolution
		{9B4F5728-8D63-41B2-A142-7B53584A56A3}.Debug|Any CPU.ActiveCfg = Debug|Any CPU
		{9B4F5728-8D63-41B2-A142-7B53584A56A3}.Debug|Any CPU.Build.0 = Debug|Any CPU
		{9B4F5728-8D63-41B2-A142-7B53584A56A3}.Release|Any CPU.ActiveCfg = Release|Any CPU
		{9B4F5728-8D63-41B2-A142-7B53584A56A3}.Release|Any CPU.Build.0 = Release|Any CPU
	EndGlobalSection
	GlobalSection(SolutionProperties) = preSolution
		HideSolutionNode = FALSE
	EndGlobalSection
	GlobalSection(ExtensibilityGlobals) = postSolution
		SolutionGuid = {67A46D5D-CEF8-4B32-B750-FC032F020BEF}
	EndGlobalSection
EndGlobal
