
Microsoft Visual Studio Solution File, Format Version 12.00
# Visual Studio Version 16
VisualStudioVersion = 16.0.31229.75
MinimumVisualStudioVersion = 10.0.40219.1
Project("{FAE04EC0-301F-11D3-BF4B-00C04F79EFBC}") = "Sequencia_IJ_2_Uri_1096", "Sequencia_IJ_2_Uri_1096\Sequencia_IJ_2_Uri_1096.csproj", "{59A6B2BB-9F6F-49F0-8C83-CD69FD16A331}"
EndProject
Global
	GlobalSection(SolutionConfigurationPlatforms) = preSolution
		Debug|Any CPU = Debug|Any CPU
		Release|Any CPU = Release|Any CPU
	EndGlobalSection
	GlobalSection(ProjectConfigurationPlatforms) = postSolution
		{59A6B2BB-9F6F-49F0-8C83-CD69FD16A331}.Debug|Any CPU.ActiveCfg = Debug|Any CPU
		{59A6B2BB-9F6F-49F0-8C83-CD69FD16A331}.Debug|Any CPU.Build.0 = Debug|Any CPU
		{59A6B2BB-9F6F-49F0-8C83-CD69FD16A331}.Release|Any CPU.ActiveCfg = Release|Any CPU
		{59A6B2BB-9F6F-49F0-8C83-CD69FD16A331}.Release|Any CPU.Build.0 = Release|Any CPU
	EndGlobalSection
	GlobalSection(SolutionProperties) = preSolution
		HideSolutionNode = FALSE
	EndGlobalSection
	GlobalSection(ExtensibilityGlobals) = postSolution
		SolutionGuid = {0AD6CE4D-B523-4BFB-BC0C-A340AC77CF69}
	EndGlobalSection
EndGlobal
