
Microsoft Visual Studio Solution File, Format Version 12.00
# Visual Studio Version 16
VisualStudioVersion = 16.0.31229.75
MinimumVisualStudioVersion = 10.0.40219.1
Project("{FAE04EC0-301F-11D3-BF4B-00C04F79EFBC}") = "Sequencia_IJ_1_Uri_1095", "Sequencia_IJ_1_Uri_1095\Sequencia_IJ_1_Uri_1095.csproj", "{20423CA7-4F8E-499C-BB43-ECFE6B3CC70F}"
EndProject
Global
	GlobalSection(SolutionConfigurationPlatforms) = preSolution
		Debug|Any CPU = Debug|Any CPU
		Release|Any CPU = Release|Any CPU
	EndGlobalSection
	GlobalSection(ProjectConfigurationPlatforms) = postSolution
		{20423CA7-4F8E-499C-BB43-ECFE6B3CC70F}.Debug|Any CPU.ActiveCfg = Debug|Any CPU
		{20423CA7-4F8E-499C-BB43-ECFE6B3CC70F}.Debug|Any CPU.Build.0 = Debug|Any CPU
		{20423CA7-4F8E-499C-BB43-ECFE6B3CC70F}.Release|Any CPU.ActiveCfg = Release|Any CPU
		{20423CA7-4F8E-499C-BB43-ECFE6B3CC70F}.Release|Any CPU.Build.0 = Release|Any CPU
	EndGlobalSection
	GlobalSection(SolutionProperties) = preSolution
		HideSolutionNode = FALSE
	EndGlobalSection
	GlobalSection(ExtensibilityGlobals) = postSolution
		SolutionGuid = {D2C39A8F-E115-41A1-B8A7-2B4809BFB577}
	EndGlobalSection
EndGlobal
