
Microsoft Visual Studio Solution File, Format Version 12.00
# Visual Studio Version 16
VisualStudioVersion = 16.0.31205.134
MinimumVisualStudioVersion = 10.0.40219.1
Project("{FAE04EC0-301F-11D3-BF4B-00C04F79EFBC}") = "IntersecVector", "IntersecVector\IntersecVector.csproj", "{68F7E995-ED6C-4AD3-B3C4-79E0BC40BD51}"
EndProject
Global
	GlobalSection(SolutionConfigurationPlatforms) = preSolution
		Debug|Any CPU = Debug|Any CPU
		Release|Any CPU = Release|Any CPU
	EndGlobalSection
	GlobalSection(ProjectConfigurationPlatforms) = postSolution
		{68F7E995-ED6C-4AD3-B3C4-79E0BC40BD51}.Debug|Any CPU.ActiveCfg = Debug|Any CPU
		{68F7E995-ED6C-4AD3-B3C4-79E0BC40BD51}.Debug|Any CPU.Build.0 = Debug|Any CPU
		{68F7E995-ED6C-4AD3-B3C4-79E0BC40BD51}.Release|Any CPU.ActiveCfg = Release|Any CPU
		{68F7E995-ED6C-4AD3-B3C4-79E0BC40BD51}.Release|Any CPU.Build.0 = Release|Any CPU
	EndGlobalSection
	GlobalSection(SolutionProperties) = preSolution
		HideSolutionNode = FALSE
	EndGlobalSection
	GlobalSection(ExtensibilityGlobals) = postSolution
		SolutionGuid = {A5E6E6CA-6879-4445-AFEF-F0262A65FDFE}
	EndGlobalSection
EndGlobal
