
Microsoft Visual Studio Solution File, Format Version 12.00
# Visual Studio Version 16
VisualStudioVersion = 16.0.31229.75
MinimumVisualStudioVersion = 10.0.40219.1
Project("{FAE04EC0-301F-11D3-BF4B-00C04F79EFBC}") = "Formula_de_Bhaskara_Uri_1036", "Formula_de_Bhaskara_Uri_1036\Formula_de_Bhaskara_Uri_1036.csproj", "{B5899515-7A17-4CAF-B083-FF89B283E14D}"
EndProject
Global
	GlobalSection(SolutionConfigurationPlatforms) = preSolution
		Debug|Any CPU = Debug|Any CPU
		Release|Any CPU = Release|Any CPU
	EndGlobalSection
	GlobalSection(ProjectConfigurationPlatforms) = postSolution
		{B5899515-7A17-4CAF-B083-FF89B283E14D}.Debug|Any CPU.ActiveCfg = Debug|Any CPU
		{B5899515-7A17-4CAF-B083-FF89B283E14D}.Debug|Any CPU.Build.0 = Debug|Any CPU
		{B5899515-7A17-4CAF-B083-FF89B283E14D}.Release|Any CPU.ActiveCfg = Release|Any CPU
		{B5899515-7A17-4CAF-B083-FF89B283E14D}.Release|Any CPU.Build.0 = Release|Any CPU
	EndGlobalSection
	GlobalSection(SolutionProperties) = preSolution
		HideSolutionNode = FALSE
	EndGlobalSection
	GlobalSection(ExtensibilityGlobals) = postSolution
		SolutionGuid = {0BA0341F-EF6E-4851-AD9E-7D04CB5717EB}
	EndGlobalSection
EndGlobal
