
Microsoft Visual Studio Solution File, Format Version 12.00
# Visual Studio Version 16
VisualStudioVersion = 16.0.31229.75
MinimumVisualStudioVersion = 10.0.40219.1
Project("{FAE04EC0-301F-11D3-BF4B-00C04F79EFBC}") = "Tempo_de_Jogo_com_Minutos_Uri_1047", "Tempo_de_Jogo_com_Minutos_Uri_1047\Tempo_de_Jogo_com_Minutos_Uri_1047.csproj", "{998361DF-CA51-48F0-8A2E-480B7A8EBF1C}"
EndProject
Global
	GlobalSection(SolutionConfigurationPlatforms) = preSolution
		Debug|Any CPU = Debug|Any CPU
		Release|Any CPU = Release|Any CPU
	EndGlobalSection
	GlobalSection(ProjectConfigurationPlatforms) = postSolution
		{998361DF-CA51-48F0-8A2E-480B7A8EBF1C}.Debug|Any CPU.ActiveCfg = Debug|Any CPU
		{998361DF-CA51-48F0-8A2E-480B7A8EBF1C}.Debug|Any CPU.Build.0 = Debug|Any CPU
		{998361DF-CA51-48F0-8A2E-480B7A8EBF1C}.Release|Any CPU.ActiveCfg = Release|Any CPU
		{998361DF-CA51-48F0-8A2E-480B7A8EBF1C}.Release|Any CPU.Build.0 = Release|Any CPU
	EndGlobalSection
	GlobalSection(SolutionProperties) = preSolution
		HideSolutionNode = FALSE
	EndGlobalSection
	GlobalSection(ExtensibilityGlobals) = postSolution
		SolutionGuid = {8F4AC4D9-F75C-4E2F-94C4-382A7696F44D}
	EndGlobalSection
EndGlobal
