
Microsoft Visual Studio Solution File, Format Version 12.00
# Visual Studio Version 16
VisualStudioVersion = 16.0.31205.134
MinimumVisualStudioVersion = 10.0.40219.1
Project("{FAE04EC0-301F-11D3-BF4B-00C04F79EFBC}") = "Arctan", "Arctan\Arctan.csproj", "{5403550C-EC10-4F8F-A356-ABFF06769D28}"
EndProject
Global
	GlobalSection(SolutionConfigurationPlatforms) = preSolution
		Debug|Any CPU = Debug|Any CPU
		Release|Any CPU = Release|Any CPU
	EndGlobalSection
	GlobalSection(ProjectConfigurationPlatforms) = postSolution
		{5403550C-EC10-4F8F-A356-ABFF06769D28}.Debug|Any CPU.ActiveCfg = Debug|Any CPU
		{5403550C-EC10-4F8F-A356-ABFF06769D28}.Debug|Any CPU.Build.0 = Debug|Any CPU
		{5403550C-EC10-4F8F-A356-ABFF06769D28}.Release|Any CPU.ActiveCfg = Release|Any CPU
		{5403550C-EC10-4F8F-A356-ABFF06769D28}.Release|Any CPU.Build.0 = Release|Any CPU
	EndGlobalSection
	GlobalSection(SolutionProperties) = preSolution
		HideSolutionNode = FALSE
	EndGlobalSection
	GlobalSection(ExtensibilityGlobals) = postSolution
		SolutionGuid = {AB3530D7-06A1-4A63-8C67-D6FFE1551296}
	EndGlobalSection
EndGlobal
